
Microsoft Visual Studio Solution File, Format Version 12.00
# Visual Studio Version 17
VisualStudioVersion = 17.11.35327.3
MinimumVisualStudioVersion = 10.0.40219.1
Project("{FAE04EC0-301F-11D3-BF4B-00C04F79EFBC}") = "Lab3_appz", "Lab3_appz\Lab3_appz.csproj", "{AC196691-8B3C-4F6A-B3A8-1CF6ECBEC025}"
EndProject
Global
	GlobalSection(SolutionConfigurationPlatforms) = preSolution
		Debug|Any CPU = Debug|Any CPU
		Release|Any CPU = Release|Any CPU
	EndGlobalSection
	GlobalSection(ProjectConfigurationPlatforms) = postSolution
		{AC196691-8B3C-4F6A-B3A8-1CF6ECBEC025}.Debug|Any CPU.ActiveCfg = Debug|Any CPU
		{AC196691-8B3C-4F6A-B3A8-1CF6ECBEC025}.Debug|Any CPU.Build.0 = Debug|Any CPU
		{AC196691-8B3C-4F6A-B3A8-1CF6ECBEC025}.Release|Any CPU.ActiveCfg = Release|Any CPU
		{AC196691-8B3C-4F6A-B3A8-1CF6ECBEC025}.Release|Any CPU.Build.0 = Release|Any CPU
	EndGlobalSection
	GlobalSection(SolutionProperties) = preSolution
		HideSolutionNode = FALSE
	EndGlobalSection
	GlobalSection(ExtensibilityGlobals) = postSolution
		SolutionGuid = {97EBFA5C-D991-4D2E-80D1-FEB5D2EC15D6}
	EndGlobalSection
EndGlobal
